
Microsoft Visual Studio Solution File, Format Version 12.00
# Visual Studio Version 17
VisualStudioVersion = 17.7.34202.233
MinimumVisualStudioVersion = 10.0.40219.1
Project("{FAE04EC0-301F-11D3-BF4B-00C04F79EFBC}") = "examen_practico_ra2_su_nombr3", "examen_practico_ra2_su_nombr3.csproj", "{8179FE71-F62C-4021-BAF6-95129B5318E5}"
EndProject
Global
	GlobalSection(SolutionConfigurationPlatforms) = preSolution
		Debug|Any CPU = Debug|Any CPU
		Release|Any CPU = Release|Any CPU
	EndGlobalSection
	GlobalSection(ProjectConfigurationPlatforms) = postSolution
		{8179FE71-F62C-4021-BAF6-95129B5318E5}.Debug|Any CPU.ActiveCfg = Debug|Any CPU
		{8179FE71-F62C-4021-BAF6-95129B5318E5}.Debug|Any CPU.Build.0 = Debug|Any CPU
		{8179FE71-F62C-4021-BAF6-95129B5318E5}.Release|Any CPU.ActiveCfg = Release|Any CPU
		{8179FE71-F62C-4021-BAF6-95129B5318E5}.Release|Any CPU.Build.0 = Release|Any CPU
	EndGlobalSection
	GlobalSection(SolutionProperties) = preSolution
		HideSolutionNode = FALSE
	EndGlobalSection
	GlobalSection(ExtensibilityGlobals) = postSolution
		SolutionGuid = {E553AA3B-D546-4C3E-BC05-D1F2969D7C3C}
	EndGlobalSection
EndGlobal
